PODS:
  - bdk_flutter (0.28.3):
    - Flutter
  - Flutter (1.0.0)

DEPENDENCIES:
  - bdk_flutter (from `.symlinks/plugins/bdk_flutter/ios`)
  - Flutter (from `Flutter`)

EXTERNAL SOURCES:
  bdk_flutter:
    :path: ".symlinks/plugins/bdk_flutter/ios"
  Flutter:
    :path: Flutter

SPEC CHECKSUMS:
  bdk_flutter: 54e616b786e079cbf4b502efe688f0c10275b7cc
  Flutter: f04841e97a9d0b0a8025694d0796dd46242b2854

PODFILE CHECKSUM: 4e8f8b2be68aeea4c0d5beb6ff1e79fface1d048

COCOAPODS: 1.11.3
